{
  "name": "3",
  "version": "1.0.0",
  "lockfileVersion": 1,
  "requires": true,
  "dependencies": {
    "cimgur": {
      "version": "git+https://github.com/thielicious/cImgur.git#0cd0bfe00b283270392e477e9bbcd1b16cfb5a03",
      "from": "git+https://github.com/thielicious/cImgur.git"
    }
  }
}
